
Microsoft Visual Studio Solution File, Format Version 12.00
# Visual Studio Version 17
VisualStudioVersion = 17.6.33712.159
MinimumVisualStudioVersion = 10.0.40219.1
Project("{2150E333-8FDC-42A3-9474-1A3956D46DE8}") = "src", "src", "{840E6F87-2B8E-4E32-BCE6-5407401BDFA5}"
EndProject
Project("{2150E333-8FDC-42A3-9474-1A3956D46DE8}") = "services", "services", "{1163CC59-7558-493E-8FF9-98D087968865}"
EndProject
Project("{2150E333-8FDC-42A3-9474-1A3956D46DE8}") = "getways", "getways", "{D207061E-7B57-44CF-B5B7-E26ECA01623E}"
EndProject
Project("{2150E333-8FDC-42A3-9474-1A3956D46DE8}") = "catalogService", "catalogService", "{344FAFE0-E0B8-4F67-BA05-B13DA5BEA71E}"
EndProject
Project("{2150E333-8FDC-42A3-9474-1A3956D46DE8}") = "identityService", "identityService", "{688D814F-A7C5-47C3-8EDF-1E5E09CD92F1}"
EndProject
Project("{2150E333-8FDC-42A3-9474-1A3956D46DE8}") = "orderServıce", "orderServıce", "{8B6FA8D8-2EE4-4A78-93D8-553B5A73254C}"
EndProject
Project("{2150E333-8FDC-42A3-9474-1A3956D46DE8}") = "Core", "Core", "{D3F729E6-A1CD-4E31-925A-56909811DC9D}"
EndProject
Project("{FAE04EC0-301F-11D3-BF4B-00C04F79EFBC}") = "Identity.Domain", "src\services\identityService\Core\Identity.Domain\Identity.Domain.csproj", "{36EA7B53-CEB9-4BBD-9775-E7725D5DAFC0}"
EndProject
Project("{FAE04EC0-301F-11D3-BF4B-00C04F79EFBC}") = "Identity.Domain.SeedWork", "src\services\identityService\Core\Identity.Domain.SeedWork\Identity.Domain.SeedWork.csproj", "{E746D45D-D7E2-42C6-80B3-FE8D5CA50735}"
EndProject
Project("{2150E333-8FDC-42A3-9474-1A3956D46DE8}") = "Test", "Test", "{38345AC5-581B-4939-9243-FA5E656FF43C}"
EndProject
Project("{FAE04EC0-301F-11D3-BF4B-00C04F79EFBC}") = "Identity.Domain.Test", "src\services\identityService\Test\Identity.Domain.Test\Identity.Domain.Test.csproj", "{92A54FB3-DC4A-4E6A-B496-6AD798C8DE41}"
EndProject
Project("{2150E333-8FDC-42A3-9474-1A3956D46DE8}") = "Application", "Application", "{7690CEC3-22F0-424A-B2AC-C4B15BA60ACC}"
EndProject
Project("{FAE04EC0-301F-11D3-BF4B-00C04F79EFBC}") = "Identity.Application", "src\services\identityService\Application\Identity.Application\Identity.Application.csproj", "{F9C88E28-19BF-4DCF-B55B-E5932DDD97E1}"
EndProject
Global
	GlobalSection(SolutionConfigurationPlatforms) = preSolution
		Debug|Any CPU = Debug|Any CPU
		Release|Any CPU = Release|Any CPU
	EndGlobalSection
	GlobalSection(ProjectConfigurationPlatforms) = postSolution
		{36EA7B53-CEB9-4BBD-9775-E7725D5DAFC0}.Debug|Any CPU.ActiveCfg = Debug|Any CPU
		{36EA7B53-CEB9-4BBD-9775-E7725D5DAFC0}.Debug|Any CPU.Build.0 = Debug|Any CPU
		{36EA7B53-CEB9-4BBD-9775-E7725D5DAFC0}.Release|Any CPU.ActiveCfg = Release|Any CPU
		{36EA7B53-CEB9-4BBD-9775-E7725D5DAFC0}.Release|Any CPU.Build.0 = Release|Any CPU
		{E746D45D-D7E2-42C6-80B3-FE8D5CA50735}.Debug|Any CPU.ActiveCfg = Debug|Any CPU
		{E746D45D-D7E2-42C6-80B3-FE8D5CA50735}.Debug|Any CPU.Build.0 = Debug|Any CPU
		{E746D45D-D7E2-42C6-80B3-FE8D5CA50735}.Release|Any CPU.ActiveCfg = Release|Any CPU
		{E746D45D-D7E2-42C6-80B3-FE8D5CA50735}.Release|Any CPU.Build.0 = Release|Any CPU
		{92A54FB3-DC4A-4E6A-B496-6AD798C8DE41}.Debug|Any CPU.ActiveCfg = Debug|Any CPU
		{92A54FB3-DC4A-4E6A-B496-6AD798C8DE41}.Debug|Any CPU.Build.0 = Debug|Any CPU
		{92A54FB3-DC4A-4E6A-B496-6AD798C8DE41}.Release|Any CPU.ActiveCfg = Release|Any CPU
		{92A54FB3-DC4A-4E6A-B496-6AD798C8DE41}.Release|Any CPU.Build.0 = Release|Any CPU
		{F9C88E28-19BF-4DCF-B55B-E5932DDD97E1}.Debug|Any CPU.ActiveCfg = Debug|Any CPU
		{F9C88E28-19BF-4DCF-B55B-E5932DDD97E1}.Debug|Any CPU.Build.0 = Debug|Any CPU
		{F9C88E28-19BF-4DCF-B55B-E5932DDD97E1}.Release|Any CPU.ActiveCfg = Release|Any CPU
		{F9C88E28-19BF-4DCF-B55B-E5932DDD97E1}.Release|Any CPU.Build.0 = Release|Any CPU
	EndGlobalSection
	GlobalSection(SolutionProperties) = preSolution
		HideSolutionNode = FALSE
	EndGlobalSection
	GlobalSection(NestedProjects) = preSolution
		{1163CC59-7558-493E-8FF9-98D087968865} = {840E6F87-2B8E-4E32-BCE6-5407401BDFA5}
		{D207061E-7B57-44CF-B5B7-E26ECA01623E} = {840E6F87-2B8E-4E32-BCE6-5407401BDFA5}
		{344FAFE0-E0B8-4F67-BA05-B13DA5BEA71E} = {1163CC59-7558-493E-8FF9-98D087968865}
		{688D814F-A7C5-47C3-8EDF-1E5E09CD92F1} = {1163CC59-7558-493E-8FF9-98D087968865}
		{8B6FA8D8-2EE4-4A78-93D8-553B5A73254C} = {1163CC59-7558-493E-8FF9-98D087968865}
		{D3F729E6-A1CD-4E31-925A-56909811DC9D} = {688D814F-A7C5-47C3-8EDF-1E5E09CD92F1}
		{36EA7B53-CEB9-4BBD-9775-E7725D5DAFC0} = {D3F729E6-A1CD-4E31-925A-56909811DC9D}
		{E746D45D-D7E2-42C6-80B3-FE8D5CA50735} = {D3F729E6-A1CD-4E31-925A-56909811DC9D}
		{38345AC5-581B-4939-9243-FA5E656FF43C} = {688D814F-A7C5-47C3-8EDF-1E5E09CD92F1}
		{92A54FB3-DC4A-4E6A-B496-6AD798C8DE41} = {38345AC5-581B-4939-9243-FA5E656FF43C}
		{7690CEC3-22F0-424A-B2AC-C4B15BA60ACC} = {688D814F-A7C5-47C3-8EDF-1E5E09CD92F1}
		{F9C88E28-19BF-4DCF-B55B-E5932DDD97E1} = {7690CEC3-22F0-424A-B2AC-C4B15BA60ACC}
	EndGlobalSection
	GlobalSection(ExtensibilityGlobals) = postSolution
		SolutionGuid = {84F817DC-4EB6-4729-9BF0-444A024243D0}
	EndGlobalSection
EndGlobal
